// !$*UTF8*$!
{
	archiveVersion = 1;
	classes = {
	};
	objectVersion = 48;
	objects = {

/* Begin PBXBuildFile section */
		4301873E1FD0A37C0043F153 /* LinkedQueueTester.cpp in Sources */ = {isa = PBXBuildFile; fileRef = 4301873D1FD0A37C0043F153 /* LinkedQueueTester.cpp */; };
		432693E31FC7A3D6003F9FE2 /* LinkedQueue.cpp in Sources */ = {isa = PBXBuildFile; fileRef = 432693E21FC7A3D6003F9FE2 /* LinkedQueue.cpp */; };
/* End PBXBuildFile section */

/* Begin PBXCopyFilesBuildPhase section */
		432693DD1FC7A3D6003F9FE2 /* CopyFiles */ = {
			isa = PBXCopyFilesBuildPhase;
			buildActionMask = 2147483647;
			dstPath = /usr/share/man/man1/;
			dstSubfolderSpec = 0;
			files = (
			);
			runOnlyForDeploymentPostprocessing = 1;
		};
/* End PBXCopyFilesBuildPhase section */

/* Begin PBXFileReference section */
		4301873D1FD0A37C0043F153 /* LinkedQueueTester.cpp */ = {isa = PBXFileReference; lastKnownFileType = sourcecode.cpp.cpp; path = LinkedQueueTester.cpp; sourceTree = "<group>"; };
		432693DF1FC7A3D6003F9FE2 /* LInked Priority Queue ADT */ = {isa = PBXFileReference; explicitFileType = "compiled.mach-o.executable"; includeInIndex = 0; path = "LInked Priority Queue ADT"; sourceTree = BUILT_PRODUCTS_DIR; };
		432693E21FC7A3D6003F9FE2 /* LinkedQueue.cpp */ = {isa = PBXFileReference; lastKnownFileType = sourcecode.cpp.cpp; path = LinkedQueue.cpp; sourceTree = "<group>"; };
		432693E91FC7A47E003F9FE2 /* LinkedQueue.h */ = {isa = PBXFileReference; lastKnownFileType = sourcecode.c.h; path = LinkedQueue.h; sourceTree = "<group>"; };
/* End PBXFileReference section */

/* Begin PBXFrameworksBuildPhase section */
		432693DC1FC7A3D6003F9FE2 /* Frameworks */ = {
			isa = PBXFrameworksBuildPhase;
			buildActionMask = 2147483647;
			files = (
			);
			runOnlyForDeploymentPostprocessing = 0;
		};
/* End PBXFrameworksBuildPhase section */

/* Begin PBXGroup section */
		432693D61FC7A3D6003F9FE2 = {
			isa = PBXGroup;
			children = (
				432693E11FC7A3D6003F9FE2 /* LInked Priority Queue ADT */,
				432693E01FC7A3D6003F9FE2 /* Products */,
			);
			sourceTree = "<group>";
		};
		432693E01FC7A3D6003F9FE2 /* Products */ = {
			isa = PBXGroup;
			children = (
				432693DF1FC7A3D6003F9FE2 /* LInked Priority Queue ADT */,
			);
			name = Products;
			sourceTree = "<group>";
		};
		432693E11FC7A3D6003F9FE2 /* LInked Priority Queue ADT */ = {
			isa = PBXGroup;
			children = (
				432693E21FC7A3D6003F9FE2 /* LinkedQueue.cpp */,
				4301873D1FD0A37C0043F153 /* LinkedQueueTester.cpp */,
				432693E91FC7A47E003F9FE2 /* LinkedQueue.h */,
			);
			path = "LInked Priority Queue ADT";
			sourceTree = "<group>";
		};
/* End PBXGroup section */

/* Begin PBXNativeTarget section */
		432693DE1FC7A3D6003F9FE2 /* LInked Priority Queue ADT */ = {
			isa = PBXNativeTarget;
			buildConfigurationList = 432693E61FC7A3D6003F9FE2 /* Build configuration list for PBXNativeTarget "LInked Priority Queue ADT" */;
			buildPhases = (
				432693DB1FC7A3D6003F9FE2 /* Sources */,
				432693DC1FC7A3D6003F9FE2 /* Frameworks */,
				432693DD1FC7A3D6003F9FE2 /* CopyFiles */,
			);
			buildRules = (
			);
			dependencies = (
			);
			name = "LInked Priority Queue ADT";
			productName = "LInked Priority Queue ADT";
			productReference = 432693DF1FC7A3D6003F9FE2 /* LInked Priority Queue ADT */;
			productType = "com.apple.product-type.tool";
		};
/* End PBXNativeTarget section */

/* Begin PBXProject section */
		432693D71FC7A3D6003F9FE2 /* Project object */ = {
			isa = PBXProject;
			attributes = {
				LastUpgradeCheck = 0910;
				ORGANIZATIONNAME = "Tomas Gonzalez";
				TargetAttributes = {
					432693DE1FC7A3D6003F9FE2 = {
						CreatedOnToolsVersion = 9.1;
						ProvisioningStyle = Automatic;
					};
				};
			};
			buildConfigurationList = 432693DA1FC7A3D6003F9FE2 /* Build configuration list for PBXProject "LInked Priority Queue ADT" */;
			compatibilityVersion = "Xcode 8.0";
			developmentRegion = en;
			hasScannedForEncodings = 0;
			knownRegions = (
				en,
			);
			mainGroup = 432693D61FC7A3D6003F9FE2;
			productRefGroup = 432693E01FC7A3D6003F9FE2 /* Products */;
			projectDirPath = "";
			projectRoot = "";
			targets = (
				432693DE1FC7A3D6003F9FE2 /* LInked Priority Queue ADT */,
			);
		};
/* End PBXProject section */

/* Begin PBXSourcesBuildPhase section */
		432693DB1FC7A3D6003F9FE2 /* Sources */ = {
			isa = PBXSourcesBuildPhase;
			buildActionMask = 2147483647;
			files = (
				432693E31FC7A3D6003F9FE2 /* LinkedQueue.cpp in Sources */,
				4301873E1FD0A37C0043F153 /* LinkedQueueTester.cpp in Sources */,
			);
			runOnlyForDeploymentPostprocessing = 0;
		};
/* End PBXSourcesBuildPhase section */

/* Begin XCBuildConfiguration section */
		432693E41FC7A3D6003F9FE2 /* Debug */ = {
			isa = XCBuildConfiguration;
			buildSettings = {
				ALWAYS_SEARCH_USER_PATHS = NO;
				CLANG_ANALYZER_NONNULL = YES;
				CLANG_ANALYZER_NUMBER_OBJECT_CONVERSION = YES_AGGRESSIVE;
				CLANG_CXX_LANGUAGE_STANDARD = "gnu++14";
				CLANG_CXX_LIBRARY = "libc++";
				CLANG_ENABLE_MODULES = YES;
				CLANG_ENABLE_OBJC_ARC = YES;
				CLANG_WARN_BLOCK_CAPTURE_AUTORELEASING = YES;
				CLANG_WARN_BOOL_CONVERSION = YES;
				CLANG_WARN_COMMA = YES;
				CLANG_WARN_CONSTANT_CONVERSION = YES;
				CLANG_WARN_DIRECT_OBJC_ISA_USAGE = YES_ERROR;
				CLANG_WARN_DOCUMENTATION_COMMENTS = YES;
				CLANG_WARN_EMPTY_BODY = YES;
				CLANG_WARN_ENUM_CONVERSION = YES;
				CLANG_WARN_INFINITE_RECURSION = YES;
				CLANG_WARN_INT_CONVERSION = YES;
				CLANG_WARN_NON_LITERAL_NULL_CONVERSION = YES;
				CLANG_WARN_OBJC_LITERAL_CONVERSION = YES;
				CLANG_WARN_OBJC_ROOT_CLASS = YES_ERROR;
				CLANG_WARN_RANGE_LOOP_ANALYSIS = YES;
				CLANG_WARN_STRICT_PROTOTYPES = YES;
				CLANG_WARN_SUSPICIOUS_MOVE = YES;
				CLANG_WARN_UNGUARDED_AVAILABILITY = YES_AGGRESSIVE;
				CLANG_WARN_UNREACHABLE_CODE = YES;
				CLANG_WARN__DUPLICATE_METHOD_MATCH = YES;
				CODE_SIGN_IDENTITY = "-";
				COPY_PHASE_STRIP = NO;
				DEBUG_INFORMATION_FORMAT = dwarf;
				ENABLE_STRICT_OBJC_MSGSEND = YES;
				ENABLE_TESTABILITY = YES;
				GCC_C_LANGUAGE_STANDARD = gnu11;
				GCC_DYNAMIC_NO_PIC = NO;
				GCC_NO_COMMON_BLOCKS = YES;
				GCC_OPTIMIZATION_LEVEL = 0;
				GCC_PREPROCESSOR_DEFINITIONS = (
					"DEBUG=1",
					"$(inherited)",
				);
				GCC_WARN_64_TO_32_BIT_CONVERSION = YES;
				GCC_WARN_ABOUT_RETURN_TYPE = YES_ERROR;
				GCC_WARN_UNDECLARED_SELECTOR = YES;
				GCC_WARN_UNINITIALIZED_AUTOS = YES_AGGRESSIVE;
				GCC_WARN_UNUSED_FUNCTION = YES;
				GCC_WARN_UNUSED_VARIABLE = YES;
				MACOSX_DEPLOYMENT_TARGET = 10.13;
				MTL_ENABLE_DEBUG_INFO = YES;
				ONLY_ACTIVE_ARCH = YES;
				SDKROOT = macosx;
			};
			name = Debug;
		};
		432693E51FC7A3D6003F9FE2 /* Release */ = {
			isa = XCBuildConfiguration;
			buildSettings = {
				ALWAYS_SEARCH_USER_PATHS = NO;
				CLANG_ANALYZER_NONNULL = YES;
				CLANG_ANALYZER_NUMBER_OBJECT_CONVERSION = YES_AGGRESSIVE;
				CLANG_CXX_LANGUAGE_STANDARD = "gnu++14";
				CLANG_CXX_LIBRARY = "libc++";
				CLANG_ENABLE_MODULES = YES;
				CLANG_ENABLE_OBJC_ARC = YES;
				CLANG_WARN_BLOCK_CAPTURE_AUTORELEASING = YES;
				CLANG_WARN_BOOL_CONVERSION = YES;
				CLANG_WARN_COMMA = YES;
				CLANG_WARN_CONSTANT_CONVERSION = YES;
				CLANG_WARN_DIRECT_OBJC_ISA_USAGE = YES_ERROR;
				CLANG_WARN_DOCUMENTATION_COMMENTS = YES;
				CLANG_WARN_EMPTY_BODY = YES;
				CLANG_WARN_ENUM_CONVERSION = YES;
				CLANG_WARN_INFINITE_RECURSION = YES;
				CLANG_WARN_INT_CONVERSION = YES;
				CLANG_WARN_NON_LITERAL_NULL_CONVERSION = YES;
				CLANG_WARN_OBJC_LITERAL_CONVERSION = YES;
				CLANG_WARN_OBJC_ROOT_CLASS = YES_ERROR;
				CLANG_WARN_RANGE_LOOP_ANALYSIS = YES;
				CLANG_WARN_STRICT_PROTOTYPES = YES;
				CLANG_WARN_SUSPICIOUS_MOVE = YES;
				CLANG_WARN_UNGUARDED_AVAILABILITY = YES_AGGRESSIVE;
				CLANG_WARN_UNREACHABLE_CODE = YES;
				CLANG_WARN__DUPLICATE_METHOD_MATCH = YES;
				CODE_SIGN_IDENTITY = "-";
				COPY_PHASE_STRIP = NO;
				DEBUG_INFORMATION_FORMAT = "dwarf-with-dsym";
				ENABLE_NS_ASSERTIONS = NO;
				ENABLE_STRICT_OBJC_MSGSEND = YES;
				GCC_C_LANGUAGE_STANDARD = gnu11;
				GCC_NO_COMMON_BLOCKS = YES;
				GCC_WARN_64_TO_32_BIT_CONVERSION = YES;
				GCC_WARN_ABOUT_RETURN_TYPE = YES_ERROR;
				GCC_WARN_UNDECLARED_SELECTOR = YES;
				GCC_WARN_UNINITIALIZED_AUTOS = YES_AGGRESSIVE;
				GCC_WARN_UNUSED_FUNCTION = YES;
				GCC_WARN_UNUSED_VARIABLE = YES;
				MACOSX_DEPLOYMENT_TARGET = 10.13;
				MTL_ENABLE_DEBUG_INFO = NO;
				SDKROOT = macosx;
			};
			name = Release;
		};
		432693E71FC7A3D6003F9FE2 /* Debug */ = {
			isa = XCBuildConfiguration;
			buildSettings = {
				CODE_SIGN_STYLE = Automatic;
				PRODUCT_NAME = "$(TARGET_NAME)";
			};
			name = Debug;
		};
		432693E81FC7A3D6003F9FE2 /* Release */ = {
			isa = XCBuildConfiguration;
			buildSettings = {
				CODE_SIGN_STYLE = Automatic;
				PRODUCT_NAME = "$(TARGET_NAME)";
			};
			name = Release;
		};
/* End XCBuildConfiguration section */

/* Begin XCConfigurationList section */
		432693DA1FC7A3D6003F9FE2 /* Build configuration list for PBXProject "LInked Priority Queue ADT" */ = {
			isa = XCConfigurationList;
			buildConfigurations = (
				432693E41FC7A3D6003F9FE2 /* Debug */,
				432693E51FC7A3D6003F9FE2 /* Release */,
			);
			defaultConfigurationIsVisible = 0;
			defaultConfigurationName = Release;
		};
		432693E61FC7A3D6003F9FE2 /* Build configuration list for PBXNativeTarget "LInked Priority Queue ADT" */ = {
			isa = XCConfigurationList;
			buildConfigurations = (
				432693E71FC7A3D6003F9FE2 /* Debug */,
				432693E81FC7A3D6003F9FE2 /* Release */,
			);
			defaultConfigurationIsVisible = 0;
			defaultConfigurationName = Release;
		};
/* End XCConfigurationList section */
	};
	rootObject = 432693D71FC7A3D6003F9FE2 /* Project object */;
}
